
Microsoft Visual Studio Solution File, Format Version 12.00
# Visual Studio Version 17
VisualStudioVersion = 17.8.34525.116
MinimumVisualStudioVersion = 10.0.40219.1
Project("{9A19103F-16F7-4668-BE54-9A1E7A4F7556}") = "Bsp1", "Bsp1\Bsp1.csproj", "{5913EA28-EC30-45F7-A9C0-EFB4B0B085B9}"
EndProject
Global
	GlobalSection(SolutionConfigurationPlatforms) = preSolution
		Debug|Any CPU = Debug|Any CPU
		Release|Any CPU = Release|Any CPU
	EndGlobalSection
	GlobalSection(ProjectConfigurationPlatforms) = postSolution
		{5913EA28-EC30-45F7-A9C0-EFB4B0B085B9}.Debug|Any CPU.ActiveCfg = Debug|Any CPU
		{5913EA28-EC30-45F7-A9C0-EFB4B0B085B9}.Debug|Any CPU.Build.0 = Debug|Any CPU
		{5913EA28-EC30-45F7-A9C0-EFB4B0B085B9}.Release|Any CPU.ActiveCfg = Release|Any CPU
		{5913EA28-EC30-45F7-A9C0-EFB4B0B085B9}.Release|Any CPU.Build.0 = Release|Any CPU
	EndGlobalSection
	GlobalSection(SolutionProperties) = preSolution
		HideSolutionNode = FALSE
	EndGlobalSection
	GlobalSection(ExtensibilityGlobals) = postSolution
		SolutionGuid = {B21890BA-F321-4F2A-9AB6-848F0B5D4632}
	EndGlobalSection
EndGlobal
